
Microsoft Visual Studio Solution File, Format Version 12.00
# Visual Studio Version 17
VisualStudioVersion = 17.3.32922.545
MinimumVisualStudioVersion = 10.0.40219.1
Project("{FAE04EC0-301F-11D3-BF4B-00C04F79EFBC}") = "WebApi", "WebApi\WebApi.csproj", "{01EC4751-230F-4294-A216-1474894DFAD4}"
EndProject
Project("{FAE04EC0-301F-11D3-BF4B-00C04F79EFBC}") = "Persistence", "Persistence\Persistence.csproj", "{9C8422C9-CDD8-4E87-8276-C5A70C3D1994}"
EndProject
Project("{FAE04EC0-301F-11D3-BF4B-00C04F79EFBC}") = "Domain", "Domain\Domain.csproj", "{08AB0F77-79C6-4536-BF10-CFC1ABB30837}"
EndProject
Project("{FAE04EC0-301F-11D3-BF4B-00C04F79EFBC}") = "Application", "Application\Application.csproj", "{8C5A24DA-A720-4AC4-9FDD-C04D241E0D5E}"
EndProject
Project("{FAE04EC0-301F-11D3-BF4B-00C04F79EFBC}") = "Infrastructure", "Infrastructure\Infrastructure.csproj", "{90C02607-4A86-4FC2-960F-B4B63478E94D}"
EndProject
Global
	GlobalSection(SolutionConfigurationPlatforms) = preSolution
		Debug|Any CPU = Debug|Any CPU
		Release|Any CPU = Release|Any CPU
	EndGlobalSection
	GlobalSection(ProjectConfigurationPlatforms) = postSolution
		{01EC4751-230F-4294-A216-1474894DFAD4}.Debug|Any CPU.ActiveCfg = Debug|Any CPU
		{01EC4751-230F-4294-A216-1474894DFAD4}.Debug|Any CPU.Build.0 = Debug|Any CPU
		{01EC4751-230F-4294-A216-1474894DFAD4}.Release|Any CPU.ActiveCfg = Release|Any CPU
		{01EC4751-230F-4294-A216-1474894DFAD4}.Release|Any CPU.Build.0 = Release|Any CPU
		{9C8422C9-CDD8-4E87-8276-C5A70C3D1994}.Debug|Any CPU.ActiveCfg = Debug|Any CPU
		{9C8422C9-CDD8-4E87-8276-C5A70C3D1994}.Debug|Any CPU.Build.0 = Debug|Any CPU
		{9C8422C9-CDD8-4E87-8276-C5A70C3D1994}.Release|Any CPU.ActiveCfg = Release|Any CPU
		{9C8422C9-CDD8-4E87-8276-C5A70C3D1994}.Release|Any CPU.Build.0 = Release|Any CPU
		{08AB0F77-79C6-4536-BF10-CFC1ABB30837}.Debug|Any CPU.ActiveCfg = Debug|Any CPU
		{08AB0F77-79C6-4536-BF10-CFC1ABB30837}.Debug|Any CPU.Build.0 = Debug|Any CPU
		{08AB0F77-79C6-4536-BF10-CFC1ABB30837}.Release|Any CPU.ActiveCfg = Release|Any CPU
		{08AB0F77-79C6-4536-BF10-CFC1ABB30837}.Release|Any CPU.Build.0 = Release|Any CPU
		{8C5A24DA-A720-4AC4-9FDD-C04D241E0D5E}.Debug|Any CPU.ActiveCfg = Debug|Any CPU
		{8C5A24DA-A720-4AC4-9FDD-C04D241E0D5E}.Debug|Any CPU.Build.0 = Debug|Any CPU
		{8C5A24DA-A720-4AC4-9FDD-C04D241E0D5E}.Release|Any CPU.ActiveCfg = Release|Any CPU
		{8C5A24DA-A720-4AC4-9FDD-C04D241E0D5E}.Release|Any CPU.Build.0 = Release|Any CPU
		{90C02607-4A86-4FC2-960F-B4B63478E94D}.Debug|Any CPU.ActiveCfg = Debug|Any CPU
		{90C02607-4A86-4FC2-960F-B4B63478E94D}.Debug|Any CPU.Build.0 = Debug|Any CPU
		{90C02607-4A86-4FC2-960F-B4B63478E94D}.Release|Any CPU.ActiveCfg = Release|Any CPU
		{90C02607-4A86-4FC2-960F-B4B63478E94D}.Release|Any CPU.Build.0 = Release|Any CPU
	EndGlobalSection
	GlobalSection(SolutionProperties) = preSolution
		HideSolutionNode = FALSE
	EndGlobalSection
	GlobalSection(ExtensibilityGlobals) = postSolution
		SolutionGuid = {51150214-E69E-4B15-8EF5-6A8620DAE3F4}
	EndGlobalSection
EndGlobal
